
Microsoft Visual Studio Solution File, Format Version 12.00
# Visual Studio Version 17
VisualStudioVersion = 17.4.33213.308
MinimumVisualStudioVersion = 10.0.40219.1
Project("{FAE04EC0-301F-11D3-BF4B-00C04F79EFBC}") = "Core", "Core\Core.csproj", "{C6FFD375-3A15-4F67-B4BF-803AEBDDE4A3}"
EndProject
Project("{FAE04EC0-301F-11D3-BF4B-00C04F79EFBC}") = "Data", "Data\Data.csproj", "{4BA19648-25D4-4EC1-8D94-1ADFCA7CA43C}"
EndProject
Project("{FAE04EC0-301F-11D3-BF4B-00C04F79EFBC}") = "Presentation1", "Presentation1\Presentation1.csproj", "{A456AA1D-5260-4605-BB5A-F62B82E2BB04}"
EndProject
Global
	GlobalSection(SolutionConfigurationPlatforms) = preSolution
		Debug|Any CPU = Debug|Any CPU
		Release|Any CPU = Release|Any CPU
	EndGlobalSection
	GlobalSection(ProjectConfigurationPlatforms) = postSolution
		{C6FFD375-3A15-4F67-B4BF-803AEBDDE4A3}.Debug|Any CPU.ActiveCfg = Debug|Any CPU
		{C6FFD375-3A15-4F67-B4BF-803AEBDDE4A3}.Debug|Any CPU.Build.0 = Debug|Any CPU
		{C6FFD375-3A15-4F67-B4BF-803AEBDDE4A3}.Release|Any CPU.ActiveCfg = Release|Any CPU
		{C6FFD375-3A15-4F67-B4BF-803AEBDDE4A3}.Release|Any CPU.Build.0 = Release|Any CPU
		{4BA19648-25D4-4EC1-8D94-1ADFCA7CA43C}.Debug|Any CPU.ActiveCfg = Debug|Any CPU
		{4BA19648-25D4-4EC1-8D94-1ADFCA7CA43C}.Debug|Any CPU.Build.0 = Debug|Any CPU
		{4BA19648-25D4-4EC1-8D94-1ADFCA7CA43C}.Release|Any CPU.ActiveCfg = Release|Any CPU
		{4BA19648-25D4-4EC1-8D94-1ADFCA7CA43C}.Release|Any CPU.Build.0 = Release|Any CPU
		{A456AA1D-5260-4605-BB5A-F62B82E2BB04}.Debug|Any CPU.ActiveCfg = Debug|Any CPU
		{A456AA1D-5260-4605-BB5A-F62B82E2BB04}.Debug|Any CPU.Build.0 = Debug|Any CPU
		{A456AA1D-5260-4605-BB5A-F62B82E2BB04}.Release|Any CPU.ActiveCfg = Release|Any CPU
		{A456AA1D-5260-4605-BB5A-F62B82E2BB04}.Release|Any CPU.Build.0 = Release|Any CPU
	EndGlobalSection
	GlobalSection(SolutionProperties) = preSolution
		HideSolutionNode = FALSE
	EndGlobalSection
	GlobalSection(ExtensibilityGlobals) = postSolution
		SolutionGuid = {830383D0-BBF5-4A01-B61E-02312AC59564}
	EndGlobalSection
EndGlobal
